# @generated - this file is auto-generated by `mise lock` https://mise.en.dev/dev-tools/mise-lock.html

[conda-packages.linux-arm64."_openmp_mutex-4.5-20_gnu"]
url = "https://conda.anaconda.org/conda-forge/linux-aarch64/_openmp_mutex-4.5-20_gnu.conda"
checksum = "sha256:a2527b1d81792a0ccd2c05850960df119c2b6d8f5fdec97f2db7d25dc23b1068"

[conda-packages.linux-arm64."clang-format-22-22.1.8-default_hc94976c_7"]
url = "https://conda.anaconda.org/conda-forge/linux-aarch64/clang-format-22-22.1.8-default_hc94976c_7.conda"
checksum = "sha256:ce11e850d49b74e69890c83cc3c58360f88e44cdc8b6054d18bdf6d33d1cfdee"

[conda-packages.linux-arm64."libclang-cpp22.1-22.1.8-default_hc94976c_7"]
url = "https://conda.anaconda.org/conda-forge/linux-aarch64/libclang-cpp22.1-22.1.8-default_hc94976c_7.conda"
checksum = "sha256:dba97a306d85f95a88df6459482a0dd59cb6ec5df1a642b5ad80de059567091b"

[conda-packages.linux-arm64."libgcc-16.1.0-h205dda4_2"]
url = "https://conda.anaconda.org/conda-forge/linux-aarch64/libgcc-16.1.0-h205dda4_2.conda"
checksum = "sha256:8f67a9b2ca7814b9480907bc9875f9643e0880e1a190bede54db88a02eeac76c"

[conda-packages.linux-arm64."libgomp-16.1.0-h8acb6b2_2"]
url = "https://conda.anaconda.org/conda-forge/linux-aarch64/libgomp-16.1.0-h8acb6b2_2.conda"
checksum = "sha256:c47d48956ab7b399744ae363509dc644ac614b0ad9c000beaeeea8b1c6e258e3"

[conda-packages.linux-arm64."libiconv-1.18-h1ea5142_3"]
url = "https://conda.anaconda.org/conda-forge/linux-aarch64/libiconv-1.18-h1ea5142_3.conda"
checksum = "sha256:d22c666eb887afd2119aac2110e23a0e817e9391bda99293421f7c46dab1564c"

[conda-packages.linux-arm64."libllvm22-22.1.8-hfd2ba90_1"]
url = "https://conda.anaconda.org/conda-forge/linux-aarch64/libllvm22-22.1.8-hfd2ba90_1.conda"
checksum = "sha256:dc943f1730a27f5fb36682c9852f7196f671c3a9df4a0a7a8f7ba665637c9151"

[conda-packages.linux-arm64."liblzma-5.8.3-he30d5cf_1"]
url = "https://conda.anaconda.org/conda-forge/linux-aarch64/liblzma-5.8.3-he30d5cf_1.conda"
checksum = "sha256:f760669fd1cea27f689f411c0d5488e26ce50e382c9b63e4ad348f959850124a"

[conda-packages.linux-arm64."libstdcxx-16.1.0-hef695bb_2"]
url = "https://conda.anaconda.org/conda-forge/linux-aarch64/libstdcxx-16.1.0-hef695bb_2.conda"
checksum = "sha256:ebe8a5794162ec1603c43eadc23f0feaaf4894bcc52e9061c4d452237a6b3c99"

[conda-packages.linux-arm64."libxml2-16-2.15.3-h064b767_1"]
url = "https://conda.anaconda.org/conda-forge/linux-aarch64/libxml2-16-2.15.3-h064b767_1.conda"
checksum = "sha256:d2e83830399b322400be5531a4a9b7f2fbc0cc7b4b5b09a6ea67472877856b22"

[conda-packages.linux-arm64."libxml2-2.15.3-h9ba8346_1"]
url = "https://conda.anaconda.org/conda-forge/linux-aarch64/libxml2-2.15.3-h9ba8346_1.conda"
checksum = "sha256:6bec73081b746df2427c27f2aa42027bac676c9a8fb94a20a105144b21fa6338"

[conda-packages.linux-arm64."libzlib-1.3.2-hdc9db2a_3"]
url = "https://conda.anaconda.org/conda-forge/linux-aarch64/libzlib-1.3.2-hdc9db2a_3.conda"
checksum = "sha256:76efa6cc9d7e6f5ee3bbca0939f64054af2bdfb3c3632531f8e633cf6c2ea41e"

[conda-packages.linux-arm64."zstd-1.5.7-h9d15635_7"]
url = "https://conda.anaconda.org/conda-forge/linux-aarch64/zstd-1.5.7-h9d15635_7.conda"
checksum = "sha256:427fd14bcb3b8659796fecc682716617409350fb5a98e5b7b47558a10d1a2fc7"

[conda-packages.linux-arm64-musl."_openmp_mutex-4.5-20_gnu"]
url = "https://conda.anaconda.org/conda-forge/linux-aarch64/_openmp_mutex-4.5-20_gnu.conda"
checksum = "sha256:a2527b1d81792a0ccd2c05850960df119c2b6d8f5fdec97f2db7d25dc23b1068"

[conda-packages.linux-arm64-musl."clang-format-22-22.1.8-default_hc94976c_7"]
url = "https://conda.anaconda.org/conda-forge/linux-aarch64/clang-format-22-22.1.8-default_hc94976c_7.conda"
checksum = "sha256:ce11e850d49b74e69890c83cc3c58360f88e44cdc8b6054d18bdf6d33d1cfdee"

[conda-packages.linux-arm64-musl."libclang-cpp22.1-22.1.8-default_hc94976c_7"]
url = "https://conda.anaconda.org/conda-forge/linux-aarch64/libclang-cpp22.1-22.1.8-default_hc94976c_7.conda"
checksum = "sha256:dba97a306d85f95a88df6459482a0dd59cb6ec5df1a642b5ad80de059567091b"

[conda-packages.linux-arm64-musl."libgcc-16.1.0-h205dda4_2"]
url = "https://conda.anaconda.org/conda-forge/linux-aarch64/libgcc-16.1.0-h205dda4_2.conda"
checksum = "sha256:8f67a9b2ca7814b9480907bc9875f9643e0880e1a190bede54db88a02eeac76c"

[conda-packages.linux-arm64-musl."libgomp-16.1.0-h8acb6b2_2"]
url = "https://conda.anaconda.org/conda-forge/linux-aarch64/libgomp-16.1.0-h8acb6b2_2.conda"
checksum = "sha256:c47d48956ab7b399744ae363509dc644ac614b0ad9c000beaeeea8b1c6e258e3"

[conda-packages.linux-arm64-musl."libiconv-1.18-h1ea5142_3"]
url = "https://conda.anaconda.org/conda-forge/linux-aarch64/libiconv-1.18-h1ea5142_3.conda"
checksum = "sha256:d22c666eb887afd2119aac2110e23a0e817e9391bda99293421f7c46dab1564c"

[conda-packages.linux-arm64-musl."libllvm22-22.1.8-hfd2ba90_1"]
url = "https://conda.anaconda.org/conda-forge/linux-aarch64/libllvm22-22.1.8-hfd2ba90_1.conda"
checksum = "sha256:dc943f1730a27f5fb36682c9852f7196f671c3a9df4a0a7a8f7ba665637c9151"

[conda-packages.linux-arm64-musl."liblzma-5.8.3-he30d5cf_1"]
url = "https://conda.anaconda.org/conda-forge/linux-aarch64/liblzma-5.8.3-he30d5cf_1.conda"
checksum = "sha256:f760669fd1cea27f689f411c0d5488e26ce50e382c9b63e4ad348f959850124a"

[conda-packages.linux-arm64-musl."libstdcxx-16.1.0-hef695bb_2"]
url = "https://conda.anaconda.org/conda-forge/linux-aarch64/libstdcxx-16.1.0-hef695bb_2.conda"
checksum = "sha256:ebe8a5794162ec1603c43eadc23f0feaaf4894bcc52e9061c4d452237a6b3c99"

[conda-packages.linux-arm64-musl."libxml2-16-2.15.3-h064b767_1"]
url = "https://conda.anaconda.org/conda-forge/linux-aarch64/libxml2-16-2.15.3-h064b767_1.conda"
checksum = "sha256:d2e83830399b322400be5531a4a9b7f2fbc0cc7b4b5b09a6ea67472877856b22"

[conda-packages.linux-arm64-musl."libxml2-2.15.3-h9ba8346_1"]
url = "https://conda.anaconda.org/conda-forge/linux-aarch64/libxml2-2.15.3-h9ba8346_1.conda"
checksum = "sha256:6bec73081b746df2427c27f2aa42027bac676c9a8fb94a20a105144b21fa6338"

[conda-packages.linux-arm64-musl."libzlib-1.3.2-hdc9db2a_3"]
url = "https://conda.anaconda.org/conda-forge/linux-aarch64/libzlib-1.3.2-hdc9db2a_3.conda"
checksum = "sha256:76efa6cc9d7e6f5ee3bbca0939f64054af2bdfb3c3632531f8e633cf6c2ea41e"

[conda-packages.linux-arm64-musl."zstd-1.5.7-h9d15635_7"]
url = "https://conda.anaconda.org/conda-forge/linux-aarch64/zstd-1.5.7-h9d15635_7.conda"
checksum = "sha256:427fd14bcb3b8659796fecc682716617409350fb5a98e5b7b47558a10d1a2fc7"

[conda-packages.linux-x64."_openmp_mutex-4.5-20_gnu"]
url = "https://conda.anaconda.org/conda-forge/linux-64/_openmp_mutex-4.5-20_gnu.conda"
checksum = "sha256:1dd3fffd892081df9726d7eb7e0dea6198962ba775bd88842135a4ddb4deb3c9"

[conda-packages.linux-x64."clang-format-22-22.1.8-default_h12ff6da_7"]
url = "https://conda.anaconda.org/conda-forge/linux-64/clang-format-22-22.1.8-default_h12ff6da_7.conda"
checksum = "sha256:45cee9efc729ff3263e318fd941e7a406091323256d0735a48c7b926e52cb94a"

[conda-packages.linux-x64."icu-78.3-py310h44b86e0_2"]
url = "https://conda.anaconda.org/conda-forge/linux-64/icu-78.3-py310h44b86e0_2.conda"
checksum = "sha256:9f07834f0c546ab14d885ce0366285f61f44e326c0edd1fc63b8294e113ae432"

[conda-packages.linux-x64."libclang-cpp22.1-22.1.8-default_h12ff6da_7"]
url = "https://conda.anaconda.org/conda-forge/linux-64/libclang-cpp22.1-22.1.8-default_h12ff6da_7.conda"
checksum = "sha256:959d15215409cfcfb3254fe477f2f963d60a9e5d77db57ac61d3ffc9db28d0fe"

[conda-packages.linux-x64."libgcc-16.1.0-ha9f2e26_2"]
url = "https://conda.anaconda.org/conda-forge/linux-64/libgcc-16.1.0-ha9f2e26_2.conda"
checksum = "sha256:4b733b68027a638fd24a38aaed1ebb05e055bef694970fab745b1c7678ca16f1"

[conda-packages.linux-x64."libgomp-16.1.0-he0feb66_2"]
url = "https://conda.anaconda.org/conda-forge/linux-64/libgomp-16.1.0-he0feb66_2.conda"
checksum = "sha256:7d4d1891d5fe5d75a73dd7268e8f2d7c11b7b637dea901a429f8056511960267"

[conda-packages.linux-x64."libiconv-1.18-h0cb94f2_3"]
url = "https://conda.anaconda.org/conda-forge/linux-64/libiconv-1.18-h0cb94f2_3.conda"
checksum = "sha256:f943117edb9cd4d9c61cc972eee5a34291dc55ea7a6e9e38da104995841cbcb6"

[conda-packages.linux-x64."libllvm22-22.1.8-hf7376ad_1"]
url = "https://conda.anaconda.org/conda-forge/linux-64/libllvm22-22.1.8-hf7376ad_1.conda"
checksum = "sha256:e9b5f301d6b001a9b8ce782157f56b75c92c4fbc9eba95dc6345c1139251d13b"

[conda-packages.linux-x64."liblzma-5.8.3-hb03c661_1"]
url = "https://conda.anaconda.org/conda-forge/linux-64/liblzma-5.8.3-hb03c661_1.conda"
checksum = "sha256:9787df8c22a59c9a70d3e5a10db9ad663485e75e9ccc3f09bd092cb7b95e0dab"

[conda-packages.linux-x64."libstdcxx-16.1.0-h934c35e_2"]
url = "https://conda.anaconda.org/conda-forge/linux-64/libstdcxx-16.1.0-h934c35e_2.conda"
checksum = "sha256:af96a5fcf1ce0659d257ababc1b8d0bbb698250e8140c6b8352f60d3be075392"

[conda-packages.linux-x64."libxml2-16-2.15.3-hca6bf5a_1"]
url = "https://conda.anaconda.org/conda-forge/linux-64/libxml2-16-2.15.3-hca6bf5a_1.conda"
checksum = "sha256:087d4de023f22d6a28b9e1b818961dd41e9bda6e9793590600ff16ca150bf9cb"

[conda-packages.linux-x64."libxml2-2.15.3-h49c6c72_1"]
url = "https://conda.anaconda.org/conda-forge/linux-64/libxml2-2.15.3-h49c6c72_1.conda"
checksum = "sha256:a16a576a5844a3a0e1cdfc5e162b9fe9c64dccf6a93f44c293bb42851aebe2b4"

[conda-packages.linux-x64."libzlib-1.3.2-h25fd6f3_3"]
url = "https://conda.anaconda.org/conda-forge/linux-64/libzlib-1.3.2-h25fd6f3_3.conda"
checksum = "sha256:eb8a0db0aa570124f7d2a93d7c7f596e3390df5e047818d873baad32985fc736"

[conda-packages.linux-x64."zstd-1.5.7-hb78ec9c_7"]
url = "https://conda.anaconda.org/conda-forge/linux-64/zstd-1.5.7-hb78ec9c_7.conda"
checksum = "sha256:47d682b9f6d6ec9eb1a6e6c3e75ea6273e899e78fb7fc59f81d39745009fbc60"

[conda-packages.linux-x64-baseline."_openmp_mutex-4.5-20_gnu"]
url = "https://conda.anaconda.org/conda-forge/linux-64/_openmp_mutex-4.5-20_gnu.conda"
checksum = "sha256:1dd3fffd892081df9726d7eb7e0dea6198962ba775bd88842135a4ddb4deb3c9"

[conda-packages.linux-x64-baseline."clang-format-22-22.1.8-default_h12ff6da_7"]
url = "https://conda.anaconda.org/conda-forge/linux-64/clang-format-22-22.1.8-default_h12ff6da_7.conda"
checksum = "sha256:45cee9efc729ff3263e318fd941e7a406091323256d0735a48c7b926e52cb94a"

[conda-packages.linux-x64-baseline."icu-78.3-py310h44b86e0_2"]
url = "https://conda.anaconda.org/conda-forge/linux-64/icu-78.3-py310h44b86e0_2.conda"
checksum = "sha256:9f07834f0c546ab14d885ce0366285f61f44e326c0edd1fc63b8294e113ae432"

[conda-packages.linux-x64-baseline."libclang-cpp22.1-22.1.8-default_h12ff6da_7"]
url = "https://conda.anaconda.org/conda-forge/linux-64/libclang-cpp22.1-22.1.8-default_h12ff6da_7.conda"
checksum = "sha256:959d15215409cfcfb3254fe477f2f963d60a9e5d77db57ac61d3ffc9db28d0fe"

[conda-packages.linux-x64-baseline."libgcc-16.1.0-ha9f2e26_2"]
url = "https://conda.anaconda.org/conda-forge/linux-64/libgcc-16.1.0-ha9f2e26_2.conda"
checksum = "sha256:4b733b68027a638fd24a38aaed1ebb05e055bef694970fab745b1c7678ca16f1"

[conda-packages.linux-x64-baseline."libgomp-16.1.0-he0feb66_2"]
url = "https://conda.anaconda.org/conda-forge/linux-64/libgomp-16.1.0-he0feb66_2.conda"
checksum = "sha256:7d4d1891d5fe5d75a73dd7268e8f2d7c11b7b637dea901a429f8056511960267"

[conda-packages.linux-x64-baseline."libiconv-1.18-h0cb94f2_3"]
url = "https://conda.anaconda.org/conda-forge/linux-64/libiconv-1.18-h0cb94f2_3.conda"
checksum = "sha256:f943117edb9cd4d9c61cc972eee5a34291dc55ea7a6e9e38da104995841cbcb6"

[conda-packages.linux-x64-baseline."libllvm22-22.1.8-hf7376ad_1"]
url = "https://conda.anaconda.org/conda-forge/linux-64/libllvm22-22.1.8-hf7376ad_1.conda"
checksum = "sha256:e9b5f301d6b001a9b8ce782157f56b75c92c4fbc9eba95dc6345c1139251d13b"

[conda-packages.linux-x64-baseline."liblzma-5.8.3-hb03c661_1"]
url = "https://conda.anaconda.org/conda-forge/linux-64/liblzma-5.8.3-hb03c661_1.conda"
checksum = "sha256:9787df8c22a59c9a70d3e5a10db9ad663485e75e9ccc3f09bd092cb7b95e0dab"

[conda-packages.linux-x64-baseline."libstdcxx-16.1.0-h934c35e_2"]
url = "https://conda.anaconda.org/conda-forge/linux-64/libstdcxx-16.1.0-h934c35e_2.conda"
checksum = "sha256:af96a5fcf1ce0659d257ababc1b8d0bbb698250e8140c6b8352f60d3be075392"

[conda-packages.linux-x64-baseline."libxml2-16-2.15.3-hca6bf5a_1"]
url = "https://conda.anaconda.org/conda-forge/linux-64/libxml2-16-2.15.3-hca6bf5a_1.conda"
checksum = "sha256:087d4de023f22d6a28b9e1b818961dd41e9bda6e9793590600ff16ca150bf9cb"

[conda-packages.linux-x64-baseline."libxml2-2.15.3-h49c6c72_1"]
url = "https://conda.anaconda.org/conda-forge/linux-64/libxml2-2.15.3-h49c6c72_1.conda"
checksum = "sha256:a16a576a5844a3a0e1cdfc5e162b9fe9c64dccf6a93f44c293bb42851aebe2b4"

[conda-packages.linux-x64-baseline."libzlib-1.3.2-h25fd6f3_3"]
url = "https://conda.anaconda.org/conda-forge/linux-64/libzlib-1.3.2-h25fd6f3_3.conda"
checksum = "sha256:eb8a0db0aa570124f7d2a93d7c7f596e3390df5e047818d873baad32985fc736"

[conda-packages.linux-x64-baseline."zstd-1.5.7-hb78ec9c_7"]
url = "https://conda.anaconda.org/conda-forge/linux-64/zstd-1.5.7-hb78ec9c_7.conda"
checksum = "sha256:47d682b9f6d6ec9eb1a6e6c3e75ea6273e899e78fb7fc59f81d39745009fbc60"

[conda-packages.linux-x64-musl."_openmp_mutex-4.5-20_gnu"]
url = "https://conda.anaconda.org/conda-forge/linux-64/_openmp_mutex-4.5-20_gnu.conda"
checksum = "sha256:1dd3fffd892081df9726d7eb7e0dea6198962ba775bd88842135a4ddb4deb3c9"

[conda-packages.linux-x64-musl."clang-format-22-22.1.8-default_h12ff6da_7"]
url = "https://conda.anaconda.org/conda-forge/linux-64/clang-format-22-22.1.8-default_h12ff6da_7.conda"
checksum = "sha256:45cee9efc729ff3263e318fd941e7a406091323256d0735a48c7b926e52cb94a"

[conda-packages.linux-x64-musl."icu-78.3-py310h44b86e0_2"]
url = "https://conda.anaconda.org/conda-forge/linux-64/icu-78.3-py310h44b86e0_2.conda"
checksum = "sha256:9f07834f0c546ab14d885ce0366285f61f44e326c0edd1fc63b8294e113ae432"

[conda-packages.linux-x64-musl."libclang-cpp22.1-22.1.8-default_h12ff6da_7"]
url = "https://conda.anaconda.org/conda-forge/linux-64/libclang-cpp22.1-22.1.8-default_h12ff6da_7.conda"
checksum = "sha256:959d15215409cfcfb3254fe477f2f963d60a9e5d77db57ac61d3ffc9db28d0fe"

[conda-packages.linux-x64-musl."libgcc-16.1.0-ha9f2e26_2"]
url = "https://conda.anaconda.org/conda-forge/linux-64/libgcc-16.1.0-ha9f2e26_2.conda"
checksum = "sha256:4b733b68027a638fd24a38aaed1ebb05e055bef694970fab745b1c7678ca16f1"

[conda-packages.linux-x64-musl."libgomp-16.1.0-he0feb66_2"]
url = "https://conda.anaconda.org/conda-forge/linux-64/libgomp-16.1.0-he0feb66_2.conda"
checksum = "sha256:7d4d1891d5fe5d75a73dd7268e8f2d7c11b7b637dea901a429f8056511960267"

[conda-packages.linux-x64-musl."libiconv-1.18-h0cb94f2_3"]
url = "https://conda.anaconda.org/conda-forge/linux-64/libiconv-1.18-h0cb94f2_3.conda"
checksum = "sha256:f943117edb9cd4d9c61cc972eee5a34291dc55ea7a6e9e38da104995841cbcb6"

[conda-packages.linux-x64-musl."libllvm22-22.1.8-hf7376ad_1"]
url = "https://conda.anaconda.org/conda-forge/linux-64/libllvm22-22.1.8-hf7376ad_1.conda"
checksum = "sha256:e9b5f301d6b001a9b8ce782157f56b75c92c4fbc9eba95dc6345c1139251d13b"

[conda-packages.linux-x64-musl."liblzma-5.8.3-hb03c661_1"]
url = "https://conda.anaconda.org/conda-forge/linux-64/liblzma-5.8.3-hb03c661_1.conda"
checksum = "sha256:9787df8c22a59c9a70d3e5a10db9ad663485e75e9ccc3f09bd092cb7b95e0dab"

[conda-packages.linux-x64-musl."libstdcxx-16.1.0-h934c35e_2"]
url = "https://conda.anaconda.org/conda-forge/linux-64/libstdcxx-16.1.0-h934c35e_2.conda"
checksum = "sha256:af96a5fcf1ce0659d257ababc1b8d0bbb698250e8140c6b8352f60d3be075392"

[conda-packages.linux-x64-musl."libxml2-16-2.15.3-hca6bf5a_1"]
url = "https://conda.anaconda.org/conda-forge/linux-64/libxml2-16-2.15.3-hca6bf5a_1.conda"
checksum = "sha256:087d4de023f22d6a28b9e1b818961dd41e9bda6e9793590600ff16ca150bf9cb"

[conda-packages.linux-x64-musl."libxml2-2.15.3-h49c6c72_1"]
url = "https://conda.anaconda.org/conda-forge/linux-64/libxml2-2.15.3-h49c6c72_1.conda"
checksum = "sha256:a16a576a5844a3a0e1cdfc5e162b9fe9c64dccf6a93f44c293bb42851aebe2b4"

[conda-packages.linux-x64-musl."libzlib-1.3.2-h25fd6f3_3"]
url = "https://conda.anaconda.org/conda-forge/linux-64/libzlib-1.3.2-h25fd6f3_3.conda"
checksum = "sha256:eb8a0db0aa570124f7d2a93d7c7f596e3390df5e047818d873baad32985fc736"

[conda-packages.linux-x64-musl."zstd-1.5.7-hb78ec9c_7"]
url = "https://conda.anaconda.org/conda-forge/linux-64/zstd-1.5.7-hb78ec9c_7.conda"
checksum = "sha256:47d682b9f6d6ec9eb1a6e6c3e75ea6273e899e78fb7fc59f81d39745009fbc60"

[conda-packages.linux-x64-musl-baseline."_openmp_mutex-4.5-20_gnu"]
url = "https://conda.anaconda.org/conda-forge/linux-64/_openmp_mutex-4.5-20_gnu.conda"
checksum = "sha256:1dd3fffd892081df9726d7eb7e0dea6198962ba775bd88842135a4ddb4deb3c9"

[conda-packages.linux-x64-musl-baseline."clang-format-22-22.1.8-default_h12ff6da_7"]
url = "https://conda.anaconda.org/conda-forge/linux-64/clang-format-22-22.1.8-default_h12ff6da_7.conda"
checksum = "sha256:45cee9efc729ff3263e318fd941e7a406091323256d0735a48c7b926e52cb94a"

[conda-packages.linux-x64-musl-baseline."icu-78.3-py310h44b86e0_2"]
url = "https://conda.anaconda.org/conda-forge/linux-64/icu-78.3-py310h44b86e0_2.conda"
checksum = "sha256:9f07834f0c546ab14d885ce0366285f61f44e326c0edd1fc63b8294e113ae432"

[conda-packages.linux-x64-musl-baseline."libclang-cpp22.1-22.1.8-default_h12ff6da_7"]
url = "https://conda.anaconda.org/conda-forge/linux-64/libclang-cpp22.1-22.1.8-default_h12ff6da_7.conda"
checksum = "sha256:959d15215409cfcfb3254fe477f2f963d60a9e5d77db57ac61d3ffc9db28d0fe"

[conda-packages.linux-x64-musl-baseline."libgcc-16.1.0-ha9f2e26_2"]
url = "https://conda.anaconda.org/conda-forge/linux-64/libgcc-16.1.0-ha9f2e26_2.conda"
checksum = "sha256:4b733b68027a638fd24a38aaed1ebb05e055bef694970fab745b1c7678ca16f1"

[conda-packages.linux-x64-musl-baseline."libgomp-16.1.0-he0feb66_2"]
url = "https://conda.anaconda.org/conda-forge/linux-64/libgomp-16.1.0-he0feb66_2.conda"
checksum = "sha256:7d4d1891d5fe5d75a73dd7268e8f2d7c11b7b637dea901a429f8056511960267"

[conda-packages.linux-x64-musl-baseline."libiconv-1.18-h0cb94f2_3"]
url = "https://conda.anaconda.org/conda-forge/linux-64/libiconv-1.18-h0cb94f2_3.conda"
checksum = "sha256:f943117edb9cd4d9c61cc972eee5a34291dc55ea7a6e9e38da104995841cbcb6"

[conda-packages.linux-x64-musl-baseline."libllvm22-22.1.8-hf7376ad_1"]
url = "https://conda.anaconda.org/conda-forge/linux-64/libllvm22-22.1.8-hf7376ad_1.conda"
checksum = "sha256:e9b5f301d6b001a9b8ce782157f56b75c92c4fbc9eba95dc6345c1139251d13b"

[conda-packages.linux-x64-musl-baseline."liblzma-5.8.3-hb03c661_1"]
url = "https://conda.anaconda.org/conda-forge/linux-64/liblzma-5.8.3-hb03c661_1.conda"
checksum = "sha256:9787df8c22a59c9a70d3e5a10db9ad663485e75e9ccc3f09bd092cb7b95e0dab"

[conda-packages.linux-x64-musl-baseline."libstdcxx-16.1.0-h934c35e_2"]
url = "https://conda.anaconda.org/conda-forge/linux-64/libstdcxx-16.1.0-h934c35e_2.conda"
checksum = "sha256:af96a5fcf1ce0659d257ababc1b8d0bbb698250e8140c6b8352f60d3be075392"

[conda-packages.linux-x64-musl-baseline."libxml2-16-2.15.3-hca6bf5a_1"]
url = "https://conda.anaconda.org/conda-forge/linux-64/libxml2-16-2.15.3-hca6bf5a_1.conda"
checksum = "sha256:087d4de023f22d6a28b9e1b818961dd41e9bda6e9793590600ff16ca150bf9cb"

[conda-packages.linux-x64-musl-baseline."libxml2-2.15.3-h49c6c72_1"]
url = "https://conda.anaconda.org/conda-forge/linux-64/libxml2-2.15.3-h49c6c72_1.conda"
checksum = "sha256:a16a576a5844a3a0e1cdfc5e162b9fe9c64dccf6a93f44c293bb42851aebe2b4"

[conda-packages.linux-x64-musl-baseline."libzlib-1.3.2-h25fd6f3_3"]
url = "https://conda.anaconda.org/conda-forge/linux-64/libzlib-1.3.2-h25fd6f3_3.conda"
checksum = "sha256:eb8a0db0aa570124f7d2a93d7c7f596e3390df5e047818d873baad32985fc736"

[conda-packages.linux-x64-musl-baseline."zstd-1.5.7-hb78ec9c_7"]
url = "https://conda.anaconda.org/conda-forge/linux-64/zstd-1.5.7-hb78ec9c_7.conda"
checksum = "sha256:47d682b9f6d6ec9eb1a6e6c3e75ea6273e899e78fb7fc59f81d39745009fbc60"

[conda-packages.macos-arm64."clang-format-22-22.1.8-default_hcfe1f5c_7"]
url = "https://conda.anaconda.org/conda-forge/osx-arm64/clang-format-22-22.1.8-default_hcfe1f5c_7.conda"
checksum = "sha256:3dfae9e135c49ead916d6f9dd13833807a4db0d2b146585ed09b33c6d0490cc1"

[conda-packages.macos-arm64."libclang-cpp22.1-22.1.8-default_hcfe1f5c_7"]
url = "https://conda.anaconda.org/conda-forge/osx-arm64/libclang-cpp22.1-22.1.8-default_hcfe1f5c_7.conda"
checksum = "sha256:54ff5f634eff615161cc3d7bbdcc9db776d97f4a8be2e8379a5a9cb51c70b56a"

[conda-packages.macos-arm64."libcxx-22.1.8-h55c6f16_0"]
url = "https://conda.anaconda.org/conda-forge/osx-arm64/libcxx-22.1.8-h55c6f16_0.conda"
checksum = "sha256:a2e7abab5add9750fab064c024394de48e49f97631c605ad5db5c8ac3fc769ef"

[conda-packages.macos-arm64."libiconv-1.18-he4c29f2_3"]
url = "https://conda.anaconda.org/conda-forge/osx-arm64/libiconv-1.18-he4c29f2_3.conda"
checksum = "sha256:689a14968267f2f97c07112fca5636e7d756036b9aee969911267c20bd3eea1f"

[conda-packages.macos-arm64."libllvm22-22.1.8-h89af1be_1"]
url = "https://conda.anaconda.org/conda-forge/osx-arm64/libllvm22-22.1.8-h89af1be_1.conda"
checksum = "sha256:9c0ece5160e3d8749f43f8dd86777be4cfdb51490fb32f4d8269f8fd9866ce55"

[conda-packages.macos-arm64."liblzma-5.8.3-h8088a28_1"]
url = "https://conda.anaconda.org/conda-forge/osx-arm64/liblzma-5.8.3-h8088a28_1.conda"
checksum = "sha256:23d0630046a3e8b164d8f80f2b74ed2605af2e7050ab9913018056402fae4311"

[conda-packages.macos-arm64."libxml2-16-2.15.3-h6967ea9_1"]
url = "https://conda.anaconda.org/conda-forge/osx-arm64/libxml2-16-2.15.3-h6967ea9_1.conda"
checksum = "sha256:cda10a8831d2dd908bea43c8d9d32850d8668ba8349f40bc5f59b6bc260f409d"

[conda-packages.macos-arm64."libxml2-2.15.3-heed7d32_1"]
url = "https://conda.anaconda.org/conda-forge/osx-arm64/libxml2-2.15.3-heed7d32_1.conda"
checksum = "sha256:f438037bd8388b794aca7cdfb4718b2256982926531a6df2f18d0e5315b220ed"

[conda-packages.macos-arm64."libzlib-1.3.2-h8088a28_3"]
url = "https://conda.anaconda.org/conda-forge/osx-arm64/libzlib-1.3.2-h8088a28_3.conda"
checksum = "sha256:a18fa5d5bac452401459f966cf0d872224e8080c4ff93c77e168d43ab42ef9d7"

[conda-packages.macos-arm64."zstd-1.5.7-hf451053_7"]
url = "https://conda.anaconda.org/conda-forge/osx-arm64/zstd-1.5.7-hf451053_7.conda"
checksum = "sha256:da867f5092eb0cb746d353694f0098031fd9817a4ce7d5743121209ae0f406ca"

[conda-packages.macos-x64."clang-format-22-22.1.8-default_hd7b081a_7"]
url = "https://conda.anaconda.org/conda-forge/osx-64/clang-format-22-22.1.8-default_hd7b081a_7.conda"
checksum = "sha256:643ff233f7955cafdd7f533df7992743610f21e89b70b83ff2d5caebce165bfe"

[conda-packages.macos-x64."libclang-cpp22.1-22.1.8-default_hd7b081a_7"]
url = "https://conda.anaconda.org/conda-forge/osx-64/libclang-cpp22.1-22.1.8-default_hd7b081a_7.conda"
checksum = "sha256:bccb4a17e0618cd70d506e28189cf053897e57873c9dc26aa0e90c248c08fd5a"

[conda-packages.macos-x64."libcxx-22.1.8-h19cb2f5_0"]
url = "https://conda.anaconda.org/conda-forge/osx-64/libcxx-22.1.8-h19cb2f5_0.conda"
checksum = "sha256:57ee997f1f800cf38abc743c0f0a9ddfe6a101c697c35510452ce6f4ddf96361"

[conda-packages.macos-x64."libiconv-1.18-h4ae439b_3"]
url = "https://conda.anaconda.org/conda-forge/osx-64/libiconv-1.18-h4ae439b_3.conda"
checksum = "sha256:2389e03a58ed0f5e8f2469eb4d4ba80d0af378b38854ae5eee65e5b641244082"

[conda-packages.macos-x64."libllvm22-22.1.8-hab754da_1"]
url = "https://conda.anaconda.org/conda-forge/osx-64/libllvm22-22.1.8-hab754da_1.conda"
checksum = "sha256:c2bd652c5a6c4f0e6029786c4e59c54c09018049664006e94d674db4561238ea"

[conda-packages.macos-x64."liblzma-5.8.3-hbb4bfdb_1"]
url = "https://conda.anaconda.org/conda-forge/osx-64/liblzma-5.8.3-hbb4bfdb_1.conda"
checksum = "sha256:7915dac7c71c208e40e716e2f6d3eff41a8d5584e0e7c2d46f9bf9bd5f9aa739"

[conda-packages.macos-x64."libxml2-16-2.15.3-h0d7f165_1"]
url = "https://conda.anaconda.org/conda-forge/osx-64/libxml2-16-2.15.3-h0d7f165_1.conda"
checksum = "sha256:83d3723bf7996ba5214daab05502c044bde633ad5e4432d7da8b6609b46926bf"

[conda-packages.macos-x64."libxml2-2.15.3-h0712280_1"]
url = "https://conda.anaconda.org/conda-forge/osx-64/libxml2-2.15.3-h0712280_1.conda"
checksum = "sha256:7e45202bd6344b3f4a6092297d4613df3a2ef8607920d64db932f0886c80c5f9"

[conda-packages.macos-x64."libzlib-1.3.2-hbb4bfdb_3"]
url = "https://conda.anaconda.org/conda-forge/osx-64/libzlib-1.3.2-hbb4bfdb_3.conda"
checksum = "sha256:b2dba286dd6632292b12296e761193b5ef9fb0eaeecaa481f5ba9af72c0c18e1"

[conda-packages.macos-x64."zstd-1.5.7-hbc1a06c_7"]
url = "https://conda.anaconda.org/conda-forge/osx-64/zstd-1.5.7-hbc1a06c_7.conda"
checksum = "sha256:5277886d9704a624dc9b79ac985861e1e431bdb39a57c082507ab577a138ec6c"

[conda-packages.macos-x64-baseline."clang-format-22-22.1.8-default_hd7b081a_7"]
url = "https://conda.anaconda.org/conda-forge/osx-64/clang-format-22-22.1.8-default_hd7b081a_7.conda"
checksum = "sha256:643ff233f7955cafdd7f533df7992743610f21e89b70b83ff2d5caebce165bfe"

[conda-packages.macos-x64-baseline."libclang-cpp22.1-22.1.8-default_hd7b081a_7"]
url = "https://conda.anaconda.org/conda-forge/osx-64/libclang-cpp22.1-22.1.8-default_hd7b081a_7.conda"
checksum = "sha256:bccb4a17e0618cd70d506e28189cf053897e57873c9dc26aa0e90c248c08fd5a"

[conda-packages.macos-x64-baseline."libcxx-22.1.8-h19cb2f5_0"]
url = "https://conda.anaconda.org/conda-forge/osx-64/libcxx-22.1.8-h19cb2f5_0.conda"
checksum = "sha256:57ee997f1f800cf38abc743c0f0a9ddfe6a101c697c35510452ce6f4ddf96361"

[conda-packages.macos-x64-baseline."libiconv-1.18-h4ae439b_3"]
url = "https://conda.anaconda.org/conda-forge/osx-64/libiconv-1.18-h4ae439b_3.conda"
checksum = "sha256:2389e03a58ed0f5e8f2469eb4d4ba80d0af378b38854ae5eee65e5b641244082"

[conda-packages.macos-x64-baseline."libllvm22-22.1.8-hab754da_1"]
url = "https://conda.anaconda.org/conda-forge/osx-64/libllvm22-22.1.8-hab754da_1.conda"
checksum = "sha256:c2bd652c5a6c4f0e6029786c4e59c54c09018049664006e94d674db4561238ea"

[conda-packages.macos-x64-baseline."liblzma-5.8.3-hbb4bfdb_1"]
url = "https://conda.anaconda.org/conda-forge/osx-64/liblzma-5.8.3-hbb4bfdb_1.conda"
checksum = "sha256:7915dac7c71c208e40e716e2f6d3eff41a8d5584e0e7c2d46f9bf9bd5f9aa739"

[conda-packages.macos-x64-baseline."libxml2-16-2.15.3-h0d7f165_1"]
url = "https://conda.anaconda.org/conda-forge/osx-64/libxml2-16-2.15.3-h0d7f165_1.conda"
checksum = "sha256:83d3723bf7996ba5214daab05502c044bde633ad5e4432d7da8b6609b46926bf"

[conda-packages.macos-x64-baseline."libxml2-2.15.3-h0712280_1"]
url = "https://conda.anaconda.org/conda-forge/osx-64/libxml2-2.15.3-h0712280_1.conda"
checksum = "sha256:7e45202bd6344b3f4a6092297d4613df3a2ef8607920d64db932f0886c80c5f9"

[conda-packages.macos-x64-baseline."libzlib-1.3.2-hbb4bfdb_3"]
url = "https://conda.anaconda.org/conda-forge/osx-64/libzlib-1.3.2-hbb4bfdb_3.conda"
checksum = "sha256:b2dba286dd6632292b12296e761193b5ef9fb0eaeecaa481f5ba9af72c0c18e1"

[conda-packages.macos-x64-baseline."zstd-1.5.7-hbc1a06c_7"]
url = "https://conda.anaconda.org/conda-forge/osx-64/zstd-1.5.7-hbc1a06c_7.conda"
checksum = "sha256:5277886d9704a624dc9b79ac985861e1e431bdb39a57c082507ab577a138ec6c"

[conda-packages.windows-x64."icu-78.3-h5112557_2"]
url = "https://conda.anaconda.org/conda-forge/win-64/icu-78.3-h5112557_2.conda"
checksum = "sha256:75c549b55b673e15de8785a8e5dd85bca7eb612eee0ff4dc8d7bdaa15eacbdbb"

[conda-packages.windows-x64."libiconv-1.18-hc1393d2_3"]
url = "https://conda.anaconda.org/conda-forge/win-64/libiconv-1.18-hc1393d2_3.conda"
checksum = "sha256:35e04e3ddac7720fc7c550a1c9f998604299d6a7bd1f3ec9b2825d825061daa2"

[conda-packages.windows-x64."liblzma-5.8.3-hfd05255_1"]
url = "https://conda.anaconda.org/conda-forge/win-64/liblzma-5.8.3-hfd05255_1.conda"
checksum = "sha256:d36c4a1e1f80fd08e18a407e03622ff2f34dfdd022da6488ad19603dea19e6d5"

[conda-packages.windows-x64."libxml2-16-2.15.3-h3cfd58e_1"]
url = "https://conda.anaconda.org/conda-forge/win-64/libxml2-16-2.15.3-h3cfd58e_1.conda"
checksum = "sha256:8163de24a7ddb4ebf9587c3a45ba950caf3690b9646b76f007ca15e6e52b5881"

[conda-packages.windows-x64."libxml2-2.15.3-h8ef44ab_1"]
url = "https://conda.anaconda.org/conda-forge/win-64/libxml2-2.15.3-h8ef44ab_1.conda"
checksum = "sha256:a83e9adcf7c50f20289dc6890707c8e4e84151b4204b0f7344998138807458d1"

[conda-packages.windows-x64."libzlib-1.3.2-hfd05255_3"]
url = "https://conda.anaconda.org/conda-forge/win-64/libzlib-1.3.2-hfd05255_3.conda"
checksum = "sha256:0629c2cc0404d3bb29d6baa7b4ba62da80797015e86de050db81ea5a07050527"

[conda-packages.windows-x64."llvm-openmp-22.1.8-h4fa8253_0"]
url = "https://conda.anaconda.org/conda-forge/win-64/llvm-openmp-22.1.8-h4fa8253_0.conda"
checksum = "sha256:50c02902bb516eeb56680358f052be38b5bf74b40e78ea4b2a675e84957e7307"

[conda-packages.windows-x64."ucrt-10.0.26100.0-h57928b3_0"]
url = "https://conda.anaconda.org/conda-forge/win-64/ucrt-10.0.26100.0-h57928b3_0.conda"
checksum = "sha256:3005729dce6f3d3f5ec91dfc49fc75a0095f9cd23bab49efb899657297ac91a5"

[conda-packages.windows-x64."vc-14.5-ha367084_41"]
url = "https://conda.anaconda.org/conda-forge/win-64/vc-14.5-ha367084_41.conda"
checksum = "sha256:35444c55a92e2f7f7ba26bc70f81e56e52344f7d064c0fd4b40a46a58517b79c"

[conda-packages.windows-x64."vc14_runtime-14.51.36247-habf1de7_41"]
url = "https://conda.anaconda.org/conda-forge/win-64/vc14_runtime-14.51.36247-habf1de7_41.conda"
checksum = "sha256:4e4cb599cdc41bf2109d1464c127b5bcbddf548ce3e322e612afb691338b48f8"

[conda-packages.windows-x64."vcomp14-14.51.36247-habf1de7_41"]
url = "https://conda.anaconda.org/conda-forge/win-64/vcomp14-14.51.36247-habf1de7_41.conda"
checksum = "sha256:731e043390c9457299484d39e427221fc868a9249540a498a5a4f6456c7744d1"

[conda-packages.windows-x64."zstd-1.5.7-h534d264_7"]
url = "https://conda.anaconda.org/conda-forge/win-64/zstd-1.5.7-h534d264_7.conda"
checksum = "sha256:ca7daae4f218a11fab82cc2857f0ea518ec3f46acec60490485347a4c22c6b3e"

[conda-packages.windows-x64-baseline."icu-78.3-h5112557_2"]
url = "https://conda.anaconda.org/conda-forge/win-64/icu-78.3-h5112557_2.conda"
checksum = "sha256:75c549b55b673e15de8785a8e5dd85bca7eb612eee0ff4dc8d7bdaa15eacbdbb"

[conda-packages.windows-x64-baseline."libiconv-1.18-hc1393d2_3"]
url = "https://conda.anaconda.org/conda-forge/win-64/libiconv-1.18-hc1393d2_3.conda"
checksum = "sha256:35e04e3ddac7720fc7c550a1c9f998604299d6a7bd1f3ec9b2825d825061daa2"

[conda-packages.windows-x64-baseline."liblzma-5.8.3-hfd05255_1"]
url = "https://conda.anaconda.org/conda-forge/win-64/liblzma-5.8.3-hfd05255_1.conda"
checksum = "sha256:d36c4a1e1f80fd08e18a407e03622ff2f34dfdd022da6488ad19603dea19e6d5"

[conda-packages.windows-x64-baseline."libxml2-16-2.15.3-h3cfd58e_1"]
url = "https://conda.anaconda.org/conda-forge/win-64/libxml2-16-2.15.3-h3cfd58e_1.conda"
checksum = "sha256:8163de24a7ddb4ebf9587c3a45ba950caf3690b9646b76f007ca15e6e52b5881"

[conda-packages.windows-x64-baseline."libxml2-2.15.3-h8ef44ab_1"]
url = "https://conda.anaconda.org/conda-forge/win-64/libxml2-2.15.3-h8ef44ab_1.conda"
checksum = "sha256:a83e9adcf7c50f20289dc6890707c8e4e84151b4204b0f7344998138807458d1"

[conda-packages.windows-x64-baseline."libzlib-1.3.2-hfd05255_3"]
url = "https://conda.anaconda.org/conda-forge/win-64/libzlib-1.3.2-hfd05255_3.conda"
checksum = "sha256:0629c2cc0404d3bb29d6baa7b4ba62da80797015e86de050db81ea5a07050527"

[conda-packages.windows-x64-baseline."llvm-openmp-22.1.8-h4fa8253_0"]
url = "https://conda.anaconda.org/conda-forge/win-64/llvm-openmp-22.1.8-h4fa8253_0.conda"
checksum = "sha256:50c02902bb516eeb56680358f052be38b5bf74b40e78ea4b2a675e84957e7307"

[conda-packages.windows-x64-baseline."ucrt-10.0.26100.0-h57928b3_0"]
url = "https://conda.anaconda.org/conda-forge/win-64/ucrt-10.0.26100.0-h57928b3_0.conda"
checksum = "sha256:3005729dce6f3d3f5ec91dfc49fc75a0095f9cd23bab49efb899657297ac91a5"

[conda-packages.windows-x64-baseline."vc-14.5-ha367084_41"]
url = "https://conda.anaconda.org/conda-forge/win-64/vc-14.5-ha367084_41.conda"
checksum = "sha256:35444c55a92e2f7f7ba26bc70f81e56e52344f7d064c0fd4b40a46a58517b79c"

[conda-packages.windows-x64-baseline."vc14_runtime-14.51.36247-habf1de7_41"]
url = "https://conda.anaconda.org/conda-forge/win-64/vc14_runtime-14.51.36247-habf1de7_41.conda"
checksum = "sha256:4e4cb599cdc41bf2109d1464c127b5bcbddf548ce3e322e612afb691338b48f8"

[conda-packages.windows-x64-baseline."vcomp14-14.51.36247-habf1de7_41"]
url = "https://conda.anaconda.org/conda-forge/win-64/vcomp14-14.51.36247-habf1de7_41.conda"
checksum = "sha256:731e043390c9457299484d39e427221fc868a9249540a498a5a4f6456c7744d1"

[conda-packages.windows-x64-baseline."zstd-1.5.7-h534d264_7"]
url = "https://conda.anaconda.org/conda-forge/win-64/zstd-1.5.7-h534d264_7.conda"
checksum = "sha256:ca7daae4f218a11fab82cc2857f0ea518ec3f46acec60490485347a4c22c6b3e"

[[tools.bun]]
version = "1.4.0"
backend = "core:bun"

[tools.bun."platforms.linux-arm64"]
checksum = "sha256:4b1a332ee861983eb93bcfe6f770fff94e3e31b2c388bdaea3c8ed35e58eed0e"
url = "https://github.com/oven-sh/bun/releases/download/bun-v1.4.0/bun-linux-aarch64.zip"

[tools.bun."platforms.linux-arm64-musl"]
checksum = "sha256:576300ce33ff16ffcd455bf178c2f095f9df845c6cc3d0284ba1c96ca0e80473"
url = "https://github.com/oven-sh/bun/releases/download/bun-v1.4.0/bun-linux-aarch64-musl.zip"

[tools.bun."platforms.linux-x64"]
checksum = "sha256:2d03fb5fb83ac8b567aca0a281b2ce1a1a19d488f56c2968d88c3f25e92fe452"
url = "https://github.com/oven-sh/bun/releases/download/bun-v1.4.0/bun-linux-x64.zip"

[tools.bun."platforms.linux-x64-baseline"]
checksum = "sha256:184fb4595f0d401a217cf7c78c1bc430ba83314dab7a8b94805babbf7fa7097f"
url = "https://github.com/oven-sh/bun/releases/download/bun-v1.4.0/bun-linux-x64-baseline.zip"

[tools.bun."platforms.linux-x64-musl"]
checksum = "sha256:83b5f12fd258dd8d4fdcaea65ede954366aa717dab399e20093ecab280d54e7a"
url = "https://github.com/oven-sh/bun/releases/download/bun-v1.4.0/bun-linux-x64-musl.zip"

[tools.bun."platforms.linux-x64-musl-baseline"]
checksum = "sha256:618c4bc1f94b02337ee210003c0b7c066f11548a8cdc5109df10db043dc47ca2"
url = "https://github.com/oven-sh/bun/releases/download/bun-v1.4.0/bun-linux-x64-musl-baseline.zip"

[tools.bun."platforms.macos-arm64"]
checksum = "sha256:c669e97f6164e1c96e0701748db98dfa77492908cbd8394c7557134a735de381"
url = "https://github.com/oven-sh/bun/releases/download/bun-v1.4.0/bun-darwin-aarch64.zip"

[tools.bun."platforms.macos-x64"]
checksum = "sha256:1d0211b8f1dc991182344687ad15e72ee86f154845a5f7fa477994cd341dd9b0"
url = "https://github.com/oven-sh/bun/releases/download/bun-v1.4.0/bun-darwin-x64.zip"

[tools.bun."platforms.macos-x64-baseline"]
checksum = "sha256:da9b9f1b4ba766c6f299711f38dfaa98623e1ed9c40896aa53db803c52ec1fa0"
url = "https://github.com/oven-sh/bun/releases/download/bun-v1.4.0/bun-darwin-x64-baseline.zip"

[tools.bun."platforms.windows-x64"]
checksum = "sha256:e6f093d39da486b20262ca8cdd5ed6a9e8bc9c2f275b78e6d3a0c5b28cc95901"
url = "https://github.com/oven-sh/bun/releases/download/bun-v1.4.0/bun-windows-x64.zip"

[tools.bun."platforms.windows-x64-baseline"]
checksum = "sha256:b929c54a9badb104a16dedd23aab6152c86793ae653d4e6b13983ffd0c882a66"
url = "https://github.com/oven-sh/bun/releases/download/bun-v1.4.0/bun-windows-x64-baseline.zip"

[[tools.clang-format]]
version = "22.1.8"
backend = "conda:clang-format"

[tools.clang-format.options]
channel = "conda-forge"

[tools.clang-format."platforms.linux-arm64"]
checksum = "sha256:59b7f505f81db28d4b18c5a108549918ec72065f61076377ee88b6fbd790c8a9"
url = "https://conda.anaconda.org/conda-forge/linux-aarch64/clang-format-22.1.8-default_h09234c8_7.conda"
conda_deps = [
    "clang-format-22-22.1.8-default_hc94976c_7",
    "libclang-cpp22.1-22.1.8-default_hc94976c_7",
    "libzlib-1.3.2-hdc9db2a_3",
    "libstdcxx-16.1.0-hef695bb_2",
    "libgcc-16.1.0-h205dda4_2",
    "zstd-1.5.7-h9d15635_7",
    "libxml2-2.15.3-h9ba8346_1",
    "libxml2-16-2.15.3-h064b767_1",
    "libllvm22-22.1.8-hfd2ba90_1",
    "_openmp_mutex-4.5-20_gnu",
    "libgomp-16.1.0-h8acb6b2_2",
    "libiconv-1.18-h1ea5142_3",
    "liblzma-5.8.3-he30d5cf_1",
]

[tools.clang-format."platforms.linux-arm64-musl"]
checksum = "sha256:59b7f505f81db28d4b18c5a108549918ec72065f61076377ee88b6fbd790c8a9"
url = "https://conda.anaconda.org/conda-forge/linux-aarch64/clang-format-22.1.8-default_h09234c8_7.conda"
conda_deps = [
    "clang-format-22-22.1.8-default_hc94976c_7",
    "libclang-cpp22.1-22.1.8-default_hc94976c_7",
    "libzlib-1.3.2-hdc9db2a_3",
    "libstdcxx-16.1.0-hef695bb_2",
    "libgcc-16.1.0-h205dda4_2",
    "zstd-1.5.7-h9d15635_7",
    "libxml2-2.15.3-h9ba8346_1",
    "libxml2-16-2.15.3-h064b767_1",
    "libllvm22-22.1.8-hfd2ba90_1",
    "_openmp_mutex-4.5-20_gnu",
    "libgomp-16.1.0-h8acb6b2_2",
    "libiconv-1.18-h1ea5142_3",
    "liblzma-5.8.3-he30d5cf_1",
]

[tools.clang-format."platforms.linux-x64"]
checksum = "sha256:6f1bd583d9cc84a8f70a1176507db6f4d5c3b25dcbc75f0ceafcf576d3c45b65"
url = "https://conda.anaconda.org/conda-forge/linux-64/clang-format-22.1.8-default_h0570284_7.conda"
conda_deps = [
    "clang-format-22-22.1.8-default_h12ff6da_7",
    "libclang-cpp22.1-22.1.8-default_h12ff6da_7",
    "libzlib-1.3.2-h25fd6f3_3",
    "libstdcxx-16.1.0-h934c35e_2",
    "libgcc-16.1.0-ha9f2e26_2",
    "libxml2-2.15.3-h49c6c72_1",
    "libxml2-16-2.15.3-hca6bf5a_1",
    "zstd-1.5.7-hb78ec9c_7",
    "libllvm22-22.1.8-hf7376ad_1",
    "_openmp_mutex-4.5-20_gnu",
    "libgomp-16.1.0-he0feb66_2",
    "liblzma-5.8.3-hb03c661_1",
    "icu-78.3-py310h44b86e0_2",
    "libiconv-1.18-h0cb94f2_3",
]

[tools.clang-format."platforms.linux-x64-baseline"]
checksum = "sha256:6f1bd583d9cc84a8f70a1176507db6f4d5c3b25dcbc75f0ceafcf576d3c45b65"
url = "https://conda.anaconda.org/conda-forge/linux-64/clang-format-22.1.8-default_h0570284_7.conda"
conda_deps = [
    "clang-format-22-22.1.8-default_h12ff6da_7",
    "libclang-cpp22.1-22.1.8-default_h12ff6da_7",
    "libzlib-1.3.2-h25fd6f3_3",
    "libstdcxx-16.1.0-h934c35e_2",
    "libgcc-16.1.0-ha9f2e26_2",
    "libxml2-2.15.3-h49c6c72_1",
    "libxml2-16-2.15.3-hca6bf5a_1",
    "zstd-1.5.7-hb78ec9c_7",
    "libllvm22-22.1.8-hf7376ad_1",
    "_openmp_mutex-4.5-20_gnu",
    "libgomp-16.1.0-he0feb66_2",
    "liblzma-5.8.3-hb03c661_1",
    "icu-78.3-py310h44b86e0_2",
    "libiconv-1.18-h0cb94f2_3",
]

[tools.clang-format."platforms.linux-x64-musl"]
checksum = "sha256:6f1bd583d9cc84a8f70a1176507db6f4d5c3b25dcbc75f0ceafcf576d3c45b65"
url = "https://conda.anaconda.org/conda-forge/linux-64/clang-format-22.1.8-default_h0570284_7.conda"
conda_deps = [
    "clang-format-22-22.1.8-default_h12ff6da_7",
    "libclang-cpp22.1-22.1.8-default_h12ff6da_7",
    "libzlib-1.3.2-h25fd6f3_3",
    "libstdcxx-16.1.0-h934c35e_2",
    "libgcc-16.1.0-ha9f2e26_2",
    "libxml2-2.15.3-h49c6c72_1",
    "libxml2-16-2.15.3-hca6bf5a_1",
    "zstd-1.5.7-hb78ec9c_7",
    "libllvm22-22.1.8-hf7376ad_1",
    "_openmp_mutex-4.5-20_gnu",
    "libgomp-16.1.0-he0feb66_2",
    "liblzma-5.8.3-hb03c661_1",
    "icu-78.3-py310h44b86e0_2",
    "libiconv-1.18-h0cb94f2_3",
]

[tools.clang-format."platforms.linux-x64-musl-baseline"]
checksum = "sha256:6f1bd583d9cc84a8f70a1176507db6f4d5c3b25dcbc75f0ceafcf576d3c45b65"
url = "https://conda.anaconda.org/conda-forge/linux-64/clang-format-22.1.8-default_h0570284_7.conda"
conda_deps = [
    "clang-format-22-22.1.8-default_h12ff6da_7",
    "libclang-cpp22.1-22.1.8-default_h12ff6da_7",
    "libzlib-1.3.2-h25fd6f3_3",
    "libstdcxx-16.1.0-h934c35e_2",
    "libgcc-16.1.0-ha9f2e26_2",
    "libxml2-2.15.3-h49c6c72_1",
    "libxml2-16-2.15.3-hca6bf5a_1",
    "zstd-1.5.7-hb78ec9c_7",
    "libllvm22-22.1.8-hf7376ad_1",
    "_openmp_mutex-4.5-20_gnu",
    "libgomp-16.1.0-he0feb66_2",
    "liblzma-5.8.3-hb03c661_1",
    "icu-78.3-py310h44b86e0_2",
    "libiconv-1.18-h0cb94f2_3",
]

[tools.clang-format."platforms.macos-arm64"]
checksum = "sha256:b7ca1e558630d8c74b4967918ebc772220711057f093829663c12ebf06818e79"
url = "https://conda.anaconda.org/conda-forge/osx-arm64/clang-format-22.1.8-default_h63d86c4_7.conda"
conda_deps = [
    "libcxx-22.1.8-h55c6f16_0",
    "clang-format-22-22.1.8-default_hcfe1f5c_7",
    "libclang-cpp22.1-22.1.8-default_hcfe1f5c_7",
    "libzlib-1.3.2-h8088a28_3",
    "libxml2-2.15.3-heed7d32_1",
    "libxml2-16-2.15.3-h6967ea9_1",
    "zstd-1.5.7-hf451053_7",
    "libllvm22-22.1.8-h89af1be_1",
    "liblzma-5.8.3-h8088a28_1",
    "libiconv-1.18-he4c29f2_3",
]

[tools.clang-format."platforms.macos-x64"]
checksum = "sha256:9a2b2c25e87c8e7cb9da10577ef54f18b73d042f8284d987f1e57b8be79206c2"
url = "https://conda.anaconda.org/conda-forge/osx-64/clang-format-22.1.8-default_h17ef260_7.conda"
conda_deps = [
    "libcxx-22.1.8-h19cb2f5_0",
    "clang-format-22-22.1.8-default_hd7b081a_7",
    "libclang-cpp22.1-22.1.8-default_hd7b081a_7",
    "libzlib-1.3.2-hbb4bfdb_3",
    "zstd-1.5.7-hbc1a06c_7",
    "libxml2-2.15.3-h0712280_1",
    "libxml2-16-2.15.3-h0d7f165_1",
    "libllvm22-22.1.8-hab754da_1",
    "liblzma-5.8.3-hbb4bfdb_1",
    "libiconv-1.18-h4ae439b_3",
]

[tools.clang-format."platforms.macos-x64-baseline"]
checksum = "sha256:9a2b2c25e87c8e7cb9da10577ef54f18b73d042f8284d987f1e57b8be79206c2"
url = "https://conda.anaconda.org/conda-forge/osx-64/clang-format-22.1.8-default_h17ef260_7.conda"
conda_deps = [
    "libcxx-22.1.8-h19cb2f5_0",
    "clang-format-22-22.1.8-default_hd7b081a_7",
    "libclang-cpp22.1-22.1.8-default_hd7b081a_7",
    "libzlib-1.3.2-hbb4bfdb_3",
    "zstd-1.5.7-hbc1a06c_7",
    "libxml2-2.15.3-h0712280_1",
    "libxml2-16-2.15.3-h0d7f165_1",
    "libllvm22-22.1.8-hab754da_1",
    "liblzma-5.8.3-hbb4bfdb_1",
    "libiconv-1.18-h4ae439b_3",
]

[tools.clang-format."platforms.windows-x64"]
checksum = "sha256:b124ecb2ed575e1c9285ee380eabc34746040b05fb2878d5dabd280667eece71"
url = "https://conda.anaconda.org/conda-forge/win-64/clang-format-22.1.8-default_h2778606_7.conda"
conda_deps = [
    "llvm-openmp-22.1.8-h4fa8253_0",
    "vc-14.5-ha367084_41",
    "vc14_runtime-14.51.36247-habf1de7_41",
    "vcomp14-14.51.36247-habf1de7_41",
    "ucrt-10.0.26100.0-h57928b3_0",
    "libzlib-1.3.2-hfd05255_3",
    "zstd-1.5.7-h534d264_7",
    "libxml2-2.15.3-h8ef44ab_1",
    "libxml2-16-2.15.3-h3cfd58e_1",
    "icu-78.3-h5112557_2",
    "libiconv-1.18-hc1393d2_3",
    "liblzma-5.8.3-hfd05255_1",
]

[tools.clang-format."platforms.windows-x64-baseline"]
checksum = "sha256:b124ecb2ed575e1c9285ee380eabc34746040b05fb2878d5dabd280667eece71"
url = "https://conda.anaconda.org/conda-forge/win-64/clang-format-22.1.8-default_h2778606_7.conda"
conda_deps = [
    "llvm-openmp-22.1.8-h4fa8253_0",
    "vc-14.5-ha367084_41",
    "vc14_runtime-14.51.36247-habf1de7_41",
    "vcomp14-14.51.36247-habf1de7_41",
    "ucrt-10.0.26100.0-h57928b3_0",
    "libzlib-1.3.2-hfd05255_3",
    "zstd-1.5.7-h534d264_7",
    "libxml2-2.15.3-h8ef44ab_1",
    "libxml2-16-2.15.3-h3cfd58e_1",
    "icu-78.3-h5112557_2",
    "libiconv-1.18-hc1393d2_3",
    "liblzma-5.8.3-hfd05255_1",
]

[[tools.gitleaks]]
version = "8.30.1"
backend = "aqua:gitleaks/gitleaks"

[tools.gitleaks."platforms.linux-arm64"]
checksum = "sha256:e4a487ee7ccd7d3a7f7ec08657610aa3606637dab924210b3aee62570fb4b080"
url = "https://github.com/gitleaks/gitleaks/releases/download/v8.30.1/gitleaks_8.30.1_linux_arm64.tar.gz"
url_api = "https://api.github.com/repos/gitleaks/gitleaks/releases/assets/378332057"

[tools.gitleaks."platforms.linux-arm64-musl"]
checksum = "sha256:e4a487ee7ccd7d3a7f7ec08657610aa3606637dab924210b3aee62570fb4b080"
url = "https://github.com/gitleaks/gitleaks/releases/download/v8.30.1/gitleaks_8.30.1_linux_arm64.tar.gz"
url_api = "https://api.github.com/repos/gitleaks/gitleaks/releases/assets/378332057"

[tools.gitleaks."platforms.linux-x64"]
checksum = "sha256:551f6fc83ea457d62a0d98237cbad105af8d557003051f41f3e7ca7b3f2470eb"
url = "https://github.com/gitleaks/gitleaks/releases/download/v8.30.1/gitleaks_8.30.1_linux_x64.tar.gz"
url_api = "https://api.github.com/repos/gitleaks/gitleaks/releases/assets/378332058"

[tools.gitleaks."platforms.linux-x64-baseline"]
checksum = "sha256:551f6fc83ea457d62a0d98237cbad105af8d557003051f41f3e7ca7b3f2470eb"
url = "https://github.com/gitleaks/gitleaks/releases/download/v8.30.1/gitleaks_8.30.1_linux_x64.tar.gz"
url_api = "https://api.github.com/repos/gitleaks/gitleaks/releases/assets/378332058"

[tools.gitleaks."platforms.linux-x64-musl"]
checksum = "sha256:551f6fc83ea457d62a0d98237cbad105af8d557003051f41f3e7ca7b3f2470eb"
url = "https://github.com/gitleaks/gitleaks/releases/download/v8.30.1/gitleaks_8.30.1_linux_x64.tar.gz"
url_api = "https://api.github.com/repos/gitleaks/gitleaks/releases/assets/378332058"

[tools.gitleaks."platforms.linux-x64-musl-baseline"]
checksum = "sha256:551f6fc83ea457d62a0d98237cbad105af8d557003051f41f3e7ca7b3f2470eb"
url = "https://github.com/gitleaks/gitleaks/releases/download/v8.30.1/gitleaks_8.30.1_linux_x64.tar.gz"
url_api = "https://api.github.com/repos/gitleaks/gitleaks/releases/assets/378332058"

[tools.gitleaks."platforms.macos-arm64"]
checksum = "sha256:b40ab0ae55c505963e365f271a8d3846efbc170aa17f2607f13df610a9aeb6a5"
url = "https://github.com/gitleaks/gitleaks/releases/download/v8.30.1/gitleaks_8.30.1_darwin_arm64.tar.gz"
url_api = "https://api.github.com/repos/gitleaks/gitleaks/releases/assets/378332059"

[tools.gitleaks."platforms.macos-x64"]
checksum = "sha256:dfe101a4db2255fc85120ac7f3d25e4342c3c20cf749f2c20a18081af1952709"
url = "https://github.com/gitleaks/gitleaks/releases/download/v8.30.1/gitleaks_8.30.1_darwin_x64.tar.gz"
url_api = "https://api.github.com/repos/gitleaks/gitleaks/releases/assets/378332053"

[tools.gitleaks."platforms.macos-x64-baseline"]
checksum = "sha256:dfe101a4db2255fc85120ac7f3d25e4342c3c20cf749f2c20a18081af1952709"
url = "https://github.com/gitleaks/gitleaks/releases/download/v8.30.1/gitleaks_8.30.1_darwin_x64.tar.gz"
url_api = "https://api.github.com/repos/gitleaks/gitleaks/releases/assets/378332053"

[tools.gitleaks."platforms.windows-x64"]
checksum = "sha256:d29144deff3a68aa93ced33dddf84b7fdc26070add4aa0f4513094c8332afc4e"
url = "https://github.com/gitleaks/gitleaks/releases/download/v8.30.1/gitleaks_8.30.1_windows_x64.zip"
url_api = "https://api.github.com/repos/gitleaks/gitleaks/releases/assets/378333178"

[tools.gitleaks."platforms.windows-x64-baseline"]
checksum = "sha256:d29144deff3a68aa93ced33dddf84b7fdc26070add4aa0f4513094c8332afc4e"
url = "https://github.com/gitleaks/gitleaks/releases/download/v8.30.1/gitleaks_8.30.1_windows_x64.zip"
url_api = "https://api.github.com/repos/gitleaks/gitleaks/releases/assets/378333178"

[[tools.syft]]
version = "1.45.1"
backend = "aqua:anchore/syft"

[tools.syft."platforms.linux-arm64"]
checksum = "sha256:7df9f45cba1f6358ecfc7fac349d43b4605137001f9646b41267abe15a7c6cd7"
url = "https://github.com/anchore/syft/releases/download/v1.45.1/syft_1.45.1_linux_arm64.tar.gz"
url_api = "https://api.github.com/repos/anchore/syft/releases/assets/439373968"

[tools.syft."platforms.linux-arm64-musl"]
checksum = "sha256:7df9f45cba1f6358ecfc7fac349d43b4605137001f9646b41267abe15a7c6cd7"
url = "https://github.com/anchore/syft/releases/download/v1.45.1/syft_1.45.1_linux_arm64.tar.gz"
url_api = "https://api.github.com/repos/anchore/syft/releases/assets/439373968"

[tools.syft."platforms.linux-x64"]
checksum = "sha256:20c84195e24927f50a3b2269946be51f4c4abc9d2f145fee7388b4199149f716"
url = "https://github.com/anchore/syft/releases/download/v1.45.1/syft_1.45.1_linux_amd64.tar.gz"
url_api = "https://api.github.com/repos/anchore/syft/releases/assets/439373963"

[tools.syft."platforms.linux-x64-baseline"]
checksum = "sha256:20c84195e24927f50a3b2269946be51f4c4abc9d2f145fee7388b4199149f716"
url = "https://github.com/anchore/syft/releases/download/v1.45.1/syft_1.45.1_linux_amd64.tar.gz"
url_api = "https://api.github.com/repos/anchore/syft/releases/assets/439373963"

[tools.syft."platforms.linux-x64-musl"]
checksum = "sha256:20c84195e24927f50a3b2269946be51f4c4abc9d2f145fee7388b4199149f716"
url = "https://github.com/anchore/syft/releases/download/v1.45.1/syft_1.45.1_linux_amd64.tar.gz"
url_api = "https://api.github.com/repos/anchore/syft/releases/assets/439373963"

[tools.syft."platforms.linux-x64-musl-baseline"]
checksum = "sha256:20c84195e24927f50a3b2269946be51f4c4abc9d2f145fee7388b4199149f716"
url = "https://github.com/anchore/syft/releases/download/v1.45.1/syft_1.45.1_linux_amd64.tar.gz"
url_api = "https://api.github.com/repos/anchore/syft/releases/assets/439373963"

[tools.syft."platforms.macos-arm64"]
checksum = "sha256:2f79ccbba6236636125d1ece60a6dc71d4e4f91b9f580cc2afbbafc763ff353d"
url = "https://github.com/anchore/syft/releases/download/v1.45.1/syft_1.45.1_darwin_arm64.tar.gz"
url_api = "https://api.github.com/repos/anchore/syft/releases/assets/439373975"

[tools.syft."platforms.macos-x64"]
checksum = "sha256:abe6e73b819f433b69ece755dc180a19c7694896062bf806f89d0e3ca5db710a"
url = "https://github.com/anchore/syft/releases/download/v1.45.1/syft_1.45.1_darwin_amd64.tar.gz"
url_api = "https://api.github.com/repos/anchore/syft/releases/assets/439373967"

[tools.syft."platforms.macos-x64-baseline"]
checksum = "sha256:abe6e73b819f433b69ece755dc180a19c7694896062bf806f89d0e3ca5db710a"
url = "https://github.com/anchore/syft/releases/download/v1.45.1/syft_1.45.1_darwin_amd64.tar.gz"
url_api = "https://api.github.com/repos/anchore/syft/releases/assets/439373967"

[tools.syft."platforms.windows-x64"]
checksum = "sha256:a9d12c26521e09213745884b8b7dc361dff83188c3a1ada0da1af71012dbcd52"
url = "https://github.com/anchore/syft/releases/download/v1.45.1/syft_1.45.1_windows_amd64.zip"
url_api = "https://api.github.com/repos/anchore/syft/releases/assets/439373962"

[tools.syft."platforms.windows-x64-baseline"]
checksum = "sha256:a9d12c26521e09213745884b8b7dc361dff83188c3a1ada0da1af71012dbcd52"
url = "https://github.com/anchore/syft/releases/download/v1.45.1/syft_1.45.1_windows_amd64.zip"
url_api = "https://api.github.com/repos/anchore/syft/releases/assets/439373962"
